
Microsoft Visual Studio Solution File, Format Version 12.00
# Visual Studio Version 16
VisualStudioVersion = 16.0.31829.152
MinimumVisualStudioVersion = 10.0.40219.1
Project("{FAE04EC0-301F-11D3-BF4B-00C04F79EFBC}") = "List", "List\List.csproj", "{57601481-B8BB-4E81-9D67-DDC4E37A858E}"
EndProject
Global
	GlobalSection(SolutionConfigurationPlatforms) = preSolution
		Debug|Any CPU = Debug|Any CPU
		Release|Any CPU = Release|Any CPU
	EndGlobalSection
	GlobalSection(ProjectConfigurationPlatforms) = postSolution
		{57601481-B8BB-4E81-9D67-DDC4E37A858E}.Debug|Any CPU.ActiveCfg = Debug|Any CPU
		{57601481-B8BB-4E81-9D67-DDC4E37A858E}.Debug|Any CPU.Build.0 = Debug|Any CPU
		{57601481-B8BB-4E81-9D67-DDC4E37A858E}.Release|Any CPU.ActiveCfg = Release|Any CPU
		{57601481-B8BB-4E81-9D67-DDC4E37A858E}.Release|Any CPU.Build.0 = Release|Any CPU
	EndGlobalSection
	GlobalSection(SolutionProperties) = preSolution
		HideSolutionNode = FALSE
	EndGlobalSection
	GlobalSection(ExtensibilityGlobals) = postSolution
		SolutionGuid = {5299D8ED-B3BF-49FD-BAE2-B816CBC4ADD2}
	EndGlobalSection
EndGlobal
